
Microsoft Visual Studio Solution File, Format Version 12.00
# Visual Studio 2012
Project("{FAE04EC0-301F-11D3-BF4B-00C04F79EFBC}") = "TestApp", "TestApp.csproj", "{B7C51C1A-743D-4A8E-AA69-2A17A045B8DE}"
EndProject
Project("{FAE04EC0-301F-11D3-BF4B-00C04F79EFBC}") = "UnitTestProject1", "UnitTestProject1\UnitTestProject1.csproj", "{D585404B-A991-478E-904C-878592071686}"
EndProject
Project("{FAE04EC0-301F-11D3-BF4B-00C04F79EFBC}") = "HttpWatch", "..\..\http\HttpWatch.csproj", "{196F64A3-DD14-4DC2-919B-EDA882E6B3B9}"
EndProject
Global
	GlobalSection(SolutionConfigurationPlatforms) = preSolution
		Debug|Any CPU = Debug|Any CPU
		Debug|x86 = Debug|x86
		Release|Any CPU = Release|Any CPU
		Release|x86 = Release|x86
	EndGlobalSection
	GlobalSection(ProjectConfigurationPlatforms) = postSolution
		{B7C51C1A-743D-4A8E-AA69-2A17A045B8DE}.Debug|Any CPU.ActiveCfg = Debug|Any CPU
		{B7C51C1A-743D-4A8E-AA69-2A17A045B8DE}.Debug|Any CPU.Build.0 = Debug|Any CPU
		{B7C51C1A-743D-4A8E-AA69-2A17A045B8DE}.Debug|x86.ActiveCfg = Debug|Any CPU
		{B7C51C1A-743D-4A8E-AA69-2A17A045B8DE}.Debug|x86.Build.0 = Debug|Any CPU
		{B7C51C1A-743D-4A8E-AA69-2A17A045B8DE}.Release|Any CPU.ActiveCfg = Release|Any CPU
		{B7C51C1A-743D-4A8E-AA69-2A17A045B8DE}.Release|Any CPU.Build.0 = Release|Any CPU
		{B7C51C1A-743D-4A8E-AA69-2A17A045B8DE}.Release|x86.ActiveCfg = Release|x86
		{B7C51C1A-743D-4A8E-AA69-2A17A045B8DE}.Release|x86.Build.0 = Release|x86
		{D585404B-A991-478E-904C-878592071686}.Debug|Any CPU.ActiveCfg = Debug|Any CPU
		{D585404B-A991-478E-904C-878592071686}.Debug|Any CPU.Build.0 = Debug|Any CPU
		{D585404B-A991-478E-904C-878592071686}.Debug|x86.ActiveCfg = Debug|Any CPU
		{D585404B-A991-478E-904C-878592071686}.Release|Any CPU.ActiveCfg = Release|Any CPU
		{D585404B-A991-478E-904C-878592071686}.Release|Any CPU.Build.0 = Release|Any CPU
		{D585404B-A991-478E-904C-878592071686}.Release|x86.ActiveCfg = Release|Any CPU
		{196F64A3-DD14-4DC2-919B-EDA882E6B3B9}.Debug|Any CPU.ActiveCfg = Debug|Any CPU
		{196F64A3-DD14-4DC2-919B-EDA882E6B3B9}.Debug|Any CPU.Build.0 = Debug|Any CPU
		{196F64A3-DD14-4DC2-919B-EDA882E6B3B9}.Debug|x86.ActiveCfg = Debug|Any CPU
		{196F64A3-DD14-4DC2-919B-EDA882E6B3B9}.Release|Any CPU.ActiveCfg = Release|Any CPU
		{196F64A3-DD14-4DC2-919B-EDA882E6B3B9}.Release|Any CPU.Build.0 = Release|Any CPU
		{196F64A3-DD14-4DC2-919B-EDA882E6B3B9}.Release|x86.ActiveCfg = Release|Any CPU
	EndGlobalSection
	GlobalSection(SolutionProperties) = preSolution
		HideSolutionNode = FALSE
	EndGlobalSection
EndGlobal
